
Microsoft Visual Studio Solution File, Format Version 12.00
# Visual Studio Version 16
VisualStudioVersion = 16.0.30907.101
MinimumVisualStudioVersion = 10.0.40219.1
Project("{FAE04EC0-301F-11D3-BF4B-00C04F79EFBC}") = "Lab1XML", "Lab1XML.csproj", "{75410295-91CC-4964-8189-E7FEEAD771BC}"
EndProject
Global
	GlobalSection(SolutionConfigurationPlatforms) = preSolution
		Debug|Any CPU = Debug|Any CPU
		Release|Any CPU = Release|Any CPU
	EndGlobalSection
	GlobalSection(ProjectConfigurationPlatforms) = postSolution
		{75410295-91CC-4964-8189-E7FEEAD771BC}.Debug|Any CPU.ActiveCfg = Debug|Any CPU
		{75410295-91CC-4964-8189-E7FEEAD771BC}.Debug|Any CPU.Build.0 = Debug|Any CPU
		{75410295-91CC-4964-8189-E7FEEAD771BC}.Release|Any CPU.ActiveCfg = Release|Any CPU
		{75410295-91CC-4964-8189-E7FEEAD771BC}.Release|Any CPU.Build.0 = Release|Any CPU
	EndGlobalSection
	GlobalSection(SolutionProperties) = preSolution
		HideSolutionNode = FALSE
	EndGlobalSection
	GlobalSection(ExtensibilityGlobals) = postSolution
		SolutionGuid = {E4EE1F01-E1D0-4DA2-85A8-68150969A2C3}
	EndGlobalSection
EndGlobal
